
Microsoft Visual Studio Solution File, Format Version 12.00
# Visual Studio 15
VisualStudioVersion = 15.0.28307.852
MinimumVisualStudioVersion = 10.0.40219.1
Project("{FAE04EC0-301F-11D3-BF4B-00C04F79EFBC}") = "FinalProject_MarLMazo_5101", "FinalProject_MarLMazo_5101\FinalProject_MarLMazo_5101.csproj", "{2234266C-1477-4EB1-B0E6-D467F542925A}"
EndProject
Global
	GlobalSection(SolutionConfigurationPlatforms) = preSolution
		Debug|Any CPU = Debug|Any CPU
		Release|Any CPU = Release|Any CPU
	EndGlobalSection
	GlobalSection(ProjectConfigurationPlatforms) = postSolution
		{2234266C-1477-4EB1-B0E6-D467F542925A}.Debug|Any CPU.ActiveCfg = Debug|Any CPU
		{2234266C-1477-4EB1-B0E6-D467F542925A}.Debug|Any CPU.Build.0 = Debug|Any CPU
		{2234266C-1477-4EB1-B0E6-D467F542925A}.Release|Any CPU.ActiveCfg = Release|Any CPU
		{2234266C-1477-4EB1-B0E6-D467F542925A}.Release|Any CPU.Build.0 = Release|Any CPU
	EndGlobalSection
	GlobalSection(SolutionProperties) = preSolution
		HideSolutionNode = FALSE
	EndGlobalSection
	GlobalSection(ExtensibilityGlobals) = postSolution
		SolutionGuid = {000AF205-14C3-4C71-BB06-98545069FB76}
	EndGlobalSection
EndGlobal
